{
  "name": "resume-pavlo-myskov",
  "version": "1.0.0",
  "lockfileVersion": 3,
  "requires": true,
  "packages": {
    "": {
      "name": "resume-pavlo-myskov",
      "version": "1.0.0",
      "license": "ISC",
      "dependencies": {
        "@emailjs/nodejs": "^2.1.1",
        "dotenv": "^16.0.3"
      }
    },
    "node_modules/@emailjs/nodejs": {
      "version": "2.1.1",
      "resolved": "https://registry.npmjs.org/@emailjs/nodejs/-/nodejs-2.1.1.tgz",
      "integrity": "sha512-K0V/XVoH3WC0wRYNZNt6+XJMyp1LE2ai8ITq5Ow/W8+TfZNXTCHTl1XiM8N0yNyA+K3/a2EMQK1fXOVCVvzwFA==",
      "engines": {
        "node": ">=14.0.0"
      }
    },
    "node_modules/dotenv": {
      "version": "16.0.3",
      "resolved": "https://registry.npmjs.org/dotenv/-/dotenv-16.0.3.tgz",
      "integrity": "sha512-7GO6HghkA5fYG9TYnNxi14/7K9f5occMlp3zXAuSxn7CKCxt9xbNWG7yF8hTCSUchlfWSe3uLmlPfigevRItzQ==",
      "engines": {
        "node": ">=12"
      }
    }
  }
}
